uuid: 966fe715-3bdf-430f-afbb-92129ca38068
langcode: ar
status: true
dependencies:
  module:
    - manba_core
  theme:
    - custom_theme
id: parmg_block
theme: custom_theme
region: footer
weight: -14
provider: null
plugin: parmg_block
settings:
  id: parmg_block
  label: Parmg
  label_display: '0'
  provider: manba_core
visibility: {  }
